
Microsoft Visual Studio Solution File, Format Version 12.00
# Visual Studio Version 17
VisualStudioVersion = 17.10.35027.167
MinimumVisualStudioVersion = 10.0.40219.1
Project("{FAE04EC0-301F-11D3-BF4B-00C04F79EFBC}") = "MortgageCalcClass", "MortgageCalcClass\MortgageCalcClass.csproj", "{71D2F41E-AEA7-41CD-A6E7-FF773DE09A64}"
EndProject
Global
	GlobalSection(SolutionConfigurationPlatforms) = preSolution
		Debug|Any CPU = Debug|Any CPU
		Release|Any CPU = Release|Any CPU
	EndGlobalSection
	GlobalSection(ProjectConfigurationPlatforms) = postSolution
		{71D2F41E-AEA7-41CD-A6E7-FF773DE09A64}.Debug|Any CPU.ActiveCfg = Debug|Any CPU
		{71D2F41E-AEA7-41CD-A6E7-FF773DE09A64}.Debug|Any CPU.Build.0 = Debug|Any CPU
		{71D2F41E-AEA7-41CD-A6E7-FF773DE09A64}.Release|Any CPU.ActiveCfg = Release|Any CPU
		{71D2F41E-AEA7-41CD-A6E7-FF773DE09A64}.Release|Any CPU.Build.0 = Release|Any CPU
	EndGlobalSection
	GlobalSection(SolutionProperties) = preSolution
		HideSolutionNode = FALSE
	EndGlobalSection
	GlobalSection(ExtensibilityGlobals) = postSolution
		SolutionGuid = {6FA46137-8BCB-4A79-8800-64922B96EA47}
	EndGlobalSection
EndGlobal
